
Microsoft Visual Studio Solution File, Format Version 12.00
Project("{2150E333-8FDC-42A3-9474-1A3956D46DE8}") = "src", "src", "{95E6209D-DE49-4B30-AF24-D4ACC3335461}"
EndProject
Project("{2150E333-8FDC-42A3-9474-1A3956D46DE8}") = "tests", "tests", "{AC4CE1CA-3ACC-4284-BC08-2D4C083ABE04}"
EndProject
Project("{FAE04EC0-301F-11D3-BF4B-00C04F79EFBC}") = "API", "src\API\API.csproj", "{30491F2B-C19B-4856-BBAD-E06DBB85C574}"
EndProject
Project("{FAE04EC0-301F-11D3-BF4B-00C04F79EFBC}") = "Application", "src\Application\Application.csproj", "{85ACBC4D-5AA7-4039-87B4-43960D60CAB3}"
EndProject
Project("{FAE04EC0-301F-11D3-BF4B-00C04F79EFBC}") = "Domain", "src\Domain\Domain.csproj", "{701233B4-CD45-44CC-8EBE-341ED20504F9}"
EndProject
Project("{FAE04EC0-301F-11D3-BF4B-00C04F79EFBC}") = "Infrastructure", "src\Infrastructure\Infrastructure.csproj", "{C70A410B-6BC6-43E8-ABF1-D01F0D49C56E}"
EndProject
Project("{FAE04EC0-301F-11D3-BF4B-00C04F79EFBC}") = "Domain.UnitTests", "tests\Domain.UnitTests\Domain.UnitTests.csproj", "{3AEB7684-B09E-48F8-9249-8FC545410F62}"
EndProject
Project("{FAE04EC0-301F-11D3-BF4B-00C04F79EFBC}") = "Application.UnitTests", "tests\Application.UnitTests\Application.UnitTests.csproj", "{D073116C-8C08-4A57-AE78-E0ABBA4CEB80}"
EndProject
Project("{FAE04EC0-301F-11D3-BF4B-00C04F79EFBC}") = "Infrastructure.IntegrationTests", "tests\Infrastructure.IntegrationTests\Infrastructure.IntegrationTests.csproj", "{66A2724D-4803-4AFC-9AE3-478DE83E301A}"
EndProject
Project("{FAE04EC0-301F-11D3-BF4B-00C04F79EFBC}") = "API.IntegrationTests", "tests\API.IntegrationTests\API.IntegrationTests.csproj", "{E341D5A4-0618-48E9-BC95-FCDCD931E7F1}"
EndProject
Global
	GlobalSection(SolutionConfigurationPlatforms) = preSolution
		Debug|Any CPU = Debug|Any CPU
		Release|Any CPU = Release|Any CPU
	EndGlobalSection
	GlobalSection(NestedProjects) = preSolution
		{30491F2B-C19B-4856-BBAD-E06DBB85C574} = {95E6209D-DE49-4B30-AF24-D4ACC3335461}
		{85ACBC4D-5AA7-4039-87B4-43960D60CAB3} = {95E6209D-DE49-4B30-AF24-D4ACC3335461}
		{701233B4-CD45-44CC-8EBE-341ED20504F9} = {95E6209D-DE49-4B30-AF24-D4ACC3335461}
		{C70A410B-6BC6-43E8-ABF1-D01F0D49C56E} = {95E6209D-DE49-4B30-AF24-D4ACC3335461}
		{3AEB7684-B09E-48F8-9249-8FC545410F62} = {AC4CE1CA-3ACC-4284-BC08-2D4C083ABE04}
		{D073116C-8C08-4A57-AE78-E0ABBA4CEB80} = {AC4CE1CA-3ACC-4284-BC08-2D4C083ABE04}
		{66A2724D-4803-4AFC-9AE3-478DE83E301A} = {AC4CE1CA-3ACC-4284-BC08-2D4C083ABE04}
		{E341D5A4-0618-48E9-BC95-FCDCD931E7F1} = {AC4CE1CA-3ACC-4284-BC08-2D4C083ABE04}
	EndGlobalSection
	GlobalSection(ProjectConfigurationPlatforms) = postSolution
		{30491F2B-C19B-4856-BBAD-E06DBB85C574}.Debug|Any CPU.ActiveCfg = Debug|Any CPU
		{30491F2B-C19B-4856-BBAD-E06DBB85C574}.Debug|Any CPU.Build.0 = Debug|Any CPU
		{30491F2B-C19B-4856-BBAD-E06DBB85C574}.Release|Any CPU.ActiveCfg = Release|Any CPU
		{30491F2B-C19B-4856-BBAD-E06DBB85C574}.Release|Any CPU.Build.0 = Release|Any CPU
		{85ACBC4D-5AA7-4039-87B4-43960D60CAB3}.Debug|Any CPU.ActiveCfg = Debug|Any CPU
		{85ACBC4D-5AA7-4039-87B4-43960D60CAB3}.Debug|Any CPU.Build.0 = Debug|Any CPU
		{85ACBC4D-5AA7-4039-87B4-43960D60CAB3}.Release|Any CPU.ActiveCfg = Release|Any CPU
		{85ACBC4D-5AA7-4039-87B4-43960D60CAB3}.Release|Any CPU.Build.0 = Release|Any CPU
		{701233B4-CD45-44CC-8EBE-341ED20504F9}.Debug|Any CPU.ActiveCfg = Debug|Any CPU
		{701233B4-CD45-44CC-8EBE-341ED20504F9}.Debug|Any CPU.Build.0 = Debug|Any CPU
		{701233B4-CD45-44CC-8EBE-341ED20504F9}.Release|Any CPU.ActiveCfg = Release|Any CPU
		{701233B4-CD45-44CC-8EBE-341ED20504F9}.Release|Any CPU.Build.0 = Release|Any CPU
		{C70A410B-6BC6-43E8-ABF1-D01F0D49C56E}.Debug|Any CPU.ActiveCfg = Debug|Any CPU
		{C70A410B-6BC6-43E8-ABF1-D01F0D49C56E}.Debug|Any CPU.Build.0 = Debug|Any CPU
		{C70A410B-6BC6-43E8-ABF1-D01F0D49C56E}.Release|Any CPU.ActiveCfg = Release|Any CPU
		{C70A410B-6BC6-43E8-ABF1-D01F0D49C56E}.Release|Any CPU.Build.0 = Release|Any CPU
		{3AEB7684-B09E-48F8-9249-8FC545410F62}.Debug|Any CPU.ActiveCfg = Debug|Any CPU
		{3AEB7684-B09E-48F8-9249-8FC545410F62}.Debug|Any CPU.Build.0 = Debug|Any CPU
		{3AEB7684-B09E-48F8-9249-8FC545410F62}.Release|Any CPU.ActiveCfg = Release|Any CPU
		{3AEB7684-B09E-48F8-9249-8FC545410F62}.Release|Any CPU.Build.0 = Release|Any CPU
		{D073116C-8C08-4A57-AE78-E0ABBA4CEB80}.Debug|Any CPU.ActiveCfg = Debug|Any CPU
		{D073116C-8C08-4A57-AE78-E0ABBA4CEB80}.Debug|Any CPU.Build.0 = Debug|Any CPU
		{D073116C-8C08-4A57-AE78-E0ABBA4CEB80}.Release|Any CPU.ActiveCfg = Release|Any CPU
		{D073116C-8C08-4A57-AE78-E0ABBA4CEB80}.Release|Any CPU.Build.0 = Release|Any CPU
		{66A2724D-4803-4AFC-9AE3-478DE83E301A}.Debug|Any CPU.ActiveCfg = Debug|Any CPU
		{66A2724D-4803-4AFC-9AE3-478DE83E301A}.Debug|Any CPU.Build.0 = Debug|Any CPU
		{66A2724D-4803-4AFC-9AE3-478DE83E301A}.Release|Any CPU.ActiveCfg = Release|Any CPU
		{66A2724D-4803-4AFC-9AE3-478DE83E301A}.Release|Any CPU.Build.0 = Release|Any CPU
		{E341D5A4-0618-48E9-BC95-FCDCD931E7F1}.Debug|Any CPU.ActiveCfg = Debug|Any CPU
		{E341D5A4-0618-48E9-BC95-FCDCD931E7F1}.Debug|Any CPU.Build.0 = Debug|Any CPU
		{E341D5A4-0618-48E9-BC95-FCDCD931E7F1}.Release|Any CPU.ActiveCfg = Release|Any CPU
		{E341D5A4-0618-48E9-BC95-FCDCD931E7F1}.Release|Any CPU.Build.0 = Release|Any CPU
	EndGlobalSection
EndGlobal
